
Microsoft Visual Studio Solution File, Format Version 12.00
# Visual Studio Version 16
VisualStudioVersion = 16.0.30611.23
MinimumVisualStudioVersion = 10.0.40219.1
Project("{FAE04EC0-301F-11D3-BF4B-00C04F79EFBC}") = "12333", "12333\12333.csproj", "{4F00C20F-4E66-44F4-8C54-5CA303B6252A}"
EndProject
Global
	GlobalSection(SolutionConfigurationPlatforms) = preSolution
		Debug|Any CPU = Debug|Any CPU
		Release|Any CPU = Release|Any CPU
	EndGlobalSection
	GlobalSection(ProjectConfigurationPlatforms) = postSolution
		{4F00C20F-4E66-44F4-8C54-5CA303B6252A}.Debug|Any CPU.ActiveCfg = Debug|Any CPU
		{4F00C20F-4E66-44F4-8C54-5CA303B6252A}.Debug|Any CPU.Build.0 = Debug|Any CPU
		{4F00C20F-4E66-44F4-8C54-5CA303B6252A}.Release|Any CPU.ActiveCfg = Release|Any CPU
		{4F00C20F-4E66-44F4-8C54-5CA303B6252A}.Release|Any CPU.Build.0 = Release|Any CPU
	EndGlobalSection
	GlobalSection(SolutionProperties) = preSolution
		HideSolutionNode = FALSE
	EndGlobalSection
	GlobalSection(ExtensibilityGlobals) = postSolution
		SolutionGuid = {737A66EE-3A14-4C21-B8AF-0E3F992BADA3}
	EndGlobalSection
EndGlobal
